{
  "name": "map",
  "version": "1.0.0",
  "lockfileVersion": 1,
  "requires": true,
  "dependencies": {
    "google-map-marker": {
      "version": "1.2.3",
      "resolved": "https://registry.npmjs.org/google-map-marker/-/google-map-marker-1.2.3.tgz",
      "integrity": "sha1-CgUsjJbe1WPeudX7jk8pRKNNvO0="
    }
  }
}
